<?xml version="1.0" encoding="UTF-8"?>
<Scheme LastUpgradeVersion = "2700" version = "1.7">
   <BuildAction parallelizeBuildables = "YES" buildImplicitDependencies = "YES">
      <BuildActionEntries>
         <BuildActionEntry buildForTesting = "YES" buildForRunning = "YES" buildForProfiling = "YES" buildForArchiving = "YES" buildForAnalyzing = "YES">
            <BuildableReference BuildableIdentifier = "primary" BlueprintIdentifier = "7D1043473D55BFA90E8530D3" BuildableName = "CyberTexelDeviceProbe.app" BlueprintName = "CyberTexelDeviceProbe" ReferencedContainer = "container:CyberTexelDeviceProbe.xcodeproj">
            </BuildableReference>
         </BuildActionEntry>
      </BuildActionEntries>
   </BuildAction>
   <TestAction buildConfiguration = "Release" selectedDebuggerIdentifier = "" selectedLauncherIdentifier = "Xcode.IDEFoundation.Launcher.PosixSpawn" shouldUseLaunchSchemeArgsEnv = "YES">
      <Testables>
         <TestableReference skipped = "NO">
            <BuildableReference BuildableIdentifier = "primary" BlueprintIdentifier = "04D13FD0AA6F0197CF2C9990" BuildableName = "ProbeTests.xctest" BlueprintName = "ProbeTests" ReferencedContainer = "container:CyberTexelDeviceProbe.xcodeproj">
            </BuildableReference>
         </TestableReference>
      </Testables>
   </TestAction>
   <LaunchAction buildConfiguration = "Release" selectedDebuggerIdentifier = "" selectedLauncherIdentifier = "Xcode.IDEFoundation.Launcher.PosixSpawn" launchStyle = "0" useCustomWorkingDirectory = "NO" ignoresPersistentStateOnLaunch = "NO" debugDocumentVersioning = "YES" allowLocationSimulation = "YES">
      <BuildableProductRunnable runnableDebuggingMode = "0">
         <BuildableReference BuildableIdentifier = "primary" BlueprintIdentifier = "7D1043473D55BFA90E8530D3" BuildableName = "CyberTexelDeviceProbe.app" BlueprintName = "CyberTexelDeviceProbe" ReferencedContainer = "container:CyberTexelDeviceProbe.xcodeproj">
         </BuildableReference>
      </BuildableProductRunnable>
   </LaunchAction>
   <ProfileAction buildConfiguration = "Release"></ProfileAction>
   <AnalyzeAction buildConfiguration = "Debug"></AnalyzeAction>
   <ArchiveAction buildConfiguration = "Release"></ArchiveAction>
</Scheme>
