// !$*UTF8*$!
{
	archiveVersion = 1;
	classes = {};
	objectVersion = 56;
	objects = {

/* Begin PBXBuildFile section */
		D36EDC977D52E5BBCCF41F51 = {isa = PBXBuildFile; fileRef = 5CDF267DED3BB36A9E3B2F96; };
		3F7CFED31CA7FD0EEF143F50 = {isa = PBXBuildFile; fileRef = ECABC6F01A742C98BF39E433; };
		AA8AF9D108812795C91EB25B = {isa = PBXBuildFile; fileRef = 1ED00EFAC791EE8D0CCE4B25; };
		9281614BE30E8BB295176F88 = {isa = PBXBuildFile; fileRef = 1ED00EFAC791EE8D0CCE4B25; };
		B1530A11869AB2FE05300338 = {isa = PBXBuildFile; fileRef = 9832488CB17E9CAE15C129A7; };
		14AC270CE67EC96C83B00922 = {isa = PBXBuildFile; fileRef = 9832488CB17E9CAE15C129A7; };
		E4EA0903925EAD86E5E40641 = {isa = PBXBuildFile; fileRef = 1C9ADE5AF316B1DC39B452A9; };
		6E796A7DDFB20A76CDC4B839 = {isa = PBXBuildFile; fileRef = 1C9ADE5AF316B1DC39B452A9; };
		93CD1D8A5457A57AC8228EDF = {isa = PBXBuildFile; fileRef = CEDBE443820751453DE51180; };
		9DB5BEFE82167DC72C296833 = {isa = PBXBuildFile; fileRef = CEDBE443820751453DE51180; };
		400A13E4800835FFB06F6F4A = {isa = PBXBuildFile; fileRef = 327BCF5630EFC0BF573A3BD0; };
		01E26B06C03DD6CBFFD3FA6E = {isa = PBXBuildFile; fileRef = 327BCF5630EFC0BF573A3BD0; };
		F1D96961A7C6581E1AC14B9D = {isa = PBXBuildFile; fileRef = BF52539BC47FA5A84E252727; };
		4122A9B27D6B453062610F6D = {isa = PBXBuildFile; fileRef = 8150357B10E5A212AEC6CF48; };
/* End PBXBuildFile section */

/* Begin PBXContainerItemProxy section */
		D799BAE6088A90139B415FCC = {
			isa = PBXContainerItemProxy;
			containerPortal = 98F54143AB4E86B28C3AFEE0;
			proxyType = 1;
			remoteGlobalIDString = 7D1043473D55BFA90E8530D3;
			remoteInfo = CyberTexelDeviceProbe;
		};
/* End PBXContainerItemProxy section */

/* Begin PBXFileReference section */
		55043B8174A904EA4A265082 = {isa = PBXFileReference; explicitFileType = "wrapper.application"; includeInIndex = 0; path = CyberTexelDeviceProbe.app; sourceTree = BUILT_PRODUCTS_DIR; };
		AC928DD43EEF1AB05DF60B99 = {isa = PBXFileReference; explicitFileType = "wrapper.cfbundle"; includeInIndex = 0; path = ProbeTests.xctest; sourceTree = BUILT_PRODUCTS_DIR; };
		5CDF267DED3BB36A9E3B2F96 = {isa = PBXFileReference; lastKnownFileType = sourcecode.swift; path = main.swift; sourceTree = "<group>"; };
		ECABC6F01A742C98BF39E433 = {isa = PBXFileReference; lastKnownFileType = sourcecode.swift; path = DeviceBudgetTests.swift; sourceTree = "<group>"; };
		1ED00EFAC791EE8D0CCE4B25 = {isa = PBXFileReference; lastKnownFileType = "archive.ar"; name = libcybertexel_c.a; path = "../../build/swift-ios-prefix/lib/libcybertexel_c.a"; sourceTree = "<group>"; };
		9832488CB17E9CAE15C129A7 = {isa = PBXFileReference; lastKnownFileType = "archive.ar"; name = libctex_kong.a; path = "../../build/swift-ios-prefix/lib/libctex_kong.a"; sourceTree = "<group>"; };
		1C9ADE5AF316B1DC39B452A9 = {isa = PBXFileReference; lastKnownFileType = "archive.ar"; name = libctex_lodepng.a; path = "../../build/swift-ios-prefix/lib/libctex_lodepng.a"; sourceTree = "<group>"; };
		CEDBE443820751453DE51180 = {isa = PBXFileReference; lastKnownFileType = "archive.ar"; name = libminiz.a; path = "../../build/swift-ios-prefix/lib/libminiz.a"; sourceTree = "<group>"; };
		327BCF5630EFC0BF573A3BD0 = {isa = PBXFileReference; lastKnownFileType = "archive.ar"; name = libtinyexr.a; path = "../../build/swift-ios-prefix/lib/libtinyexr.a"; sourceTree = "<group>"; };
		BF52539BC47FA5A84E252727 = {isa = PBXFileReference; lastKnownFileType = sourcecode.swift; path = Authoring.swift; sourceTree = "<group>"; };
		8150357B10E5A212AEC6CF48 = {isa = PBXFileReference; lastKnownFileType = sourcecode.swift; path = InteractionTests.swift; sourceTree = "<group>"; };
/* End PBXFileReference section */

/* Begin PBXFrameworksBuildPhase section */
		95EA17FAAF8A9E27F53D87D8 = { isa = PBXFrameworksBuildPhase; buildActionMask = 2147483647; files = (
				AA8AF9D108812795C91EB25B,
				B1530A11869AB2FE05300338,
				E4EA0903925EAD86E5E40641,
				93CD1D8A5457A57AC8228EDF,
				400A13E4800835FFB06F6F4A,
			); runOnlyForDeploymentPostprocessing = 0; };
		4ABD96AB39EF1F7A663DF955 = { isa = PBXFrameworksBuildPhase; buildActionMask = 2147483647; files = (
				9281614BE30E8BB295176F88,
				14AC270CE67EC96C83B00922,
				6E796A7DDFB20A76CDC4B839,
				9DB5BEFE82167DC72C296833,
				01E26B06C03DD6CBFFD3FA6E,
			); runOnlyForDeploymentPostprocessing = 0; };
/* End PBXFrameworksBuildPhase section */

/* Begin PBXGroup section */
		0D1B996A25F75CEEA2B46F58 = { isa = PBXGroup; children = (
				62FFE6E3F149813DEA963F32,
				7433A443A4F77D052C22518F,
				1ED00EFAC791EE8D0CCE4B25,
				9832488CB17E9CAE15C129A7,
				1C9ADE5AF316B1DC39B452A9,
				CEDBE443820751453DE51180,
				327BCF5630EFC0BF573A3BD0,
				64C498176831CA56748B302F,
			); sourceTree = "<group>"; };
		62FFE6E3F149813DEA963F32 = { isa = PBXGroup; children = (5CDF267DED3BB36A9E3B2F96, ); path = Probe; sourceTree = "<group>"; };
		7433A443A4F77D052C22518F = { isa = PBXGroup; children = (ECABC6F01A742C98BF39E433, BF52539BC47FA5A84E252727, 8150357B10E5A212AEC6CF48, ); path = ProbeTests; sourceTree = "<group>"; };
		64C498176831CA56748B302F = { isa = PBXGroup; children = (55043B8174A904EA4A265082, AC928DD43EEF1AB05DF60B99, ); name = Products; sourceTree = "<group>"; };
/* End PBXGroup section */

/* Begin PBXNativeTarget section */
		7D1043473D55BFA90E8530D3 = {
			isa = PBXNativeTarget;
			buildConfigurationList = 7FF9E9FFFC5257B58665EDE9;
			buildPhases = (46EFD68E1985ED5B5709ED7E, 95EA17FAAF8A9E27F53D87D8, );
			buildRules = (); dependencies = ();
			name = CyberTexelDeviceProbe; productName = CyberTexelDeviceProbe;
			productReference = 55043B8174A904EA4A265082;
			productType = "com.apple.product-type.application";
		};
		04D13FD0AA6F0197CF2C9990 = {
			isa = PBXNativeTarget;
			buildConfigurationList = 017921776E38CA1C2A03BC88;
			buildPhases = (A8700A7306F464F680F05CF3, 4ABD96AB39EF1F7A663DF955, );
			buildRules = (); dependencies = (E9FAD0C6CD43534327C0AF90, );
			name = ProbeTests; productName = ProbeTests;
			productReference = AC928DD43EEF1AB05DF60B99;
			productType = "com.apple.product-type.bundle.unit-test";
		};
/* End PBXNativeTarget section */

/* Begin PBXProject section */
		98F54143AB4E86B28C3AFEE0 = {
			isa = PBXProject;
			attributes = { BuildIndependentTargetsInParallel = 1; LastUpgradeCheck = 2700;
				TargetAttributes = { 7D1043473D55BFA90E8530D3 = { CreatedOnToolsVersion = 27.0; };
					04D13FD0AA6F0197CF2C9990 = { CreatedOnToolsVersion = 27.0; TestTargetID = 7D1043473D55BFA90E8530D3; }; }; };
			buildConfigurationList = FB9E4E686C2872EF716F18BC;
			compatibilityVersion = "Xcode 14.0"; developmentRegion = en;
			hasScannedForEncodings = 0; knownRegions = (en, Base);
			mainGroup = 0D1B996A25F75CEEA2B46F58; productRefGroup = 64C498176831CA56748B302F;
			projectDirPath = ""; projectRoot = "";
			targets = (7D1043473D55BFA90E8530D3, 04D13FD0AA6F0197CF2C9990, );
		};
/* End PBXProject section */

/* Begin PBXSourcesBuildPhase section */
		46EFD68E1985ED5B5709ED7E = { isa = PBXSourcesBuildPhase; buildActionMask = 2147483647; files = (D36EDC977D52E5BBCCF41F51, ); runOnlyForDeploymentPostprocessing = 0; };
		A8700A7306F464F680F05CF3 = { isa = PBXSourcesBuildPhase; buildActionMask = 2147483647; files = (3F7CFED31CA7FD0EEF143F50, F1D96961A7C6581E1AC14B9D, 4122A9B27D6B453062610F6D, ); runOnlyForDeploymentPostprocessing = 0; };
/* End PBXSourcesBuildPhase section */

/* Begin PBXTargetDependency section */
		E9FAD0C6CD43534327C0AF90 = { isa = PBXTargetDependency; target = 7D1043473D55BFA90E8530D3; targetProxy = D799BAE6088A90139B415FCC; };
/* End PBXTargetDependency section */

/* Begin XCBuildConfiguration section */
		6F21D4EB03616C1FCC649373 = { isa = XCBuildConfiguration; buildSettings = { ALWAYS_SEARCH_USER_PATHS = NO;
				CLANG_ENABLE_MODULES = YES;
				IPHONEOS_DEPLOYMENT_TARGET = 16.0;
				SDKROOT = iphoneos;
				SWIFT_VERSION = 5.0;
				ENABLE_USER_SCRIPT_SANDBOXING = NO; ONLY_ACTIVE_ARCH = YES; SWIFT_OPTIMIZATION_LEVEL = "-Onone"; }; name = Debug; };
		49604004A31CA6EF9FFD128B = { isa = XCBuildConfiguration; buildSettings = { ALWAYS_SEARCH_USER_PATHS = NO;
				CLANG_ENABLE_MODULES = YES;
				IPHONEOS_DEPLOYMENT_TARGET = 16.0;
				SDKROOT = iphoneos;
				SWIFT_VERSION = 5.0;
				ENABLE_USER_SCRIPT_SANDBOXING = NO; SWIFT_OPTIMIZATION_LEVEL = "-O"; }; name = Release; };
		7EFB69D7924C09BABC70613B = { isa = XCBuildConfiguration; buildSettings = { CODE_SIGN_STYLE = Automatic;
				DEVELOPMENT_TEAM = 2C69VJZSNR;
				GENERATE_INFOPLIST_FILE = NO;
				INFOPLIST_FILE = Probe/Info.plist;
				HEADER_SEARCH_PATHS = "$(SRCROOT)/../../build/swift-ios-prefix/include";
				LIBRARY_SEARCH_PATHS = "$(SRCROOT)/../../build/swift-ios-prefix/lib";
				SWIFT_OBJC_BRIDGING_HEADER = "Probe/Bridging.h";
				PRODUCT_BUNDLE_IDENTIFIER = com.cyberdyne.cybertexel.deviceprobe;
				PRODUCT_NAME = "$(TARGET_NAME)";
				TARGETED_DEVICE_FAMILY = "1,2";
				OTHER_LDFLAGS = "-lc++"; }; name = Debug; };
		E21A375D26730792ADC51121 = { isa = XCBuildConfiguration; buildSettings = { CODE_SIGN_STYLE = Automatic;
				DEVELOPMENT_TEAM = 2C69VJZSNR;
				GENERATE_INFOPLIST_FILE = NO;
				INFOPLIST_FILE = Probe/Info.plist;
				HEADER_SEARCH_PATHS = "$(SRCROOT)/../../build/swift-ios-prefix/include";
				LIBRARY_SEARCH_PATHS = "$(SRCROOT)/../../build/swift-ios-prefix/lib";
				SWIFT_OBJC_BRIDGING_HEADER = "Probe/Bridging.h";
				PRODUCT_BUNDLE_IDENTIFIER = com.cyberdyne.cybertexel.deviceprobe;
				PRODUCT_NAME = "$(TARGET_NAME)";
				TARGETED_DEVICE_FAMILY = "1,2";
				OTHER_LDFLAGS = "-lc++"; }; name = Release; };
		016E50F76D542EBFF6D1DBBD = { isa = XCBuildConfiguration; buildSettings = { CODE_SIGN_STYLE = Automatic;
				DEVELOPMENT_TEAM = 2C69VJZSNR;
				GENERATE_INFOPLIST_FILE = YES;
				HEADER_SEARCH_PATHS = "$(SRCROOT)/../../build/swift-ios-prefix/include";
				LIBRARY_SEARCH_PATHS = "$(SRCROOT)/../../build/swift-ios-prefix/lib";
				SWIFT_OBJC_BRIDGING_HEADER = "Probe/Bridging.h";
				PRODUCT_BUNDLE_IDENTIFIER = com.cyberdyne.cybertexel.deviceprobe.tests;
				PRODUCT_NAME = "$(TARGET_NAME)";
				TARGETED_DEVICE_FAMILY = "1,2";
				OTHER_LDFLAGS = "-lc++";
				LD_RUNPATH_SEARCH_PATHS = "$(inherited) @executable_path/Frameworks @loader_path/Frameworks";
				ENABLE_TESTING_SEARCH_PATHS = YES;
				TEST_HOST = "$(BUILT_PRODUCTS_DIR)/CyberTexelDeviceProbe.app/CyberTexelDeviceProbe";
				BUNDLE_LOADER = "$(TEST_HOST)"; }; name = Debug; };
		25601BCF51B09C19A4F7D6F9 = { isa = XCBuildConfiguration; buildSettings = { CODE_SIGN_STYLE = Automatic;
				DEVELOPMENT_TEAM = 2C69VJZSNR;
				GENERATE_INFOPLIST_FILE = YES;
				HEADER_SEARCH_PATHS = "$(SRCROOT)/../../build/swift-ios-prefix/include";
				LIBRARY_SEARCH_PATHS = "$(SRCROOT)/../../build/swift-ios-prefix/lib";
				SWIFT_OBJC_BRIDGING_HEADER = "Probe/Bridging.h";
				PRODUCT_BUNDLE_IDENTIFIER = com.cyberdyne.cybertexel.deviceprobe.tests;
				PRODUCT_NAME = "$(TARGET_NAME)";
				TARGETED_DEVICE_FAMILY = "1,2";
				OTHER_LDFLAGS = "-lc++";
				LD_RUNPATH_SEARCH_PATHS = "$(inherited) @executable_path/Frameworks @loader_path/Frameworks";
				ENABLE_TESTING_SEARCH_PATHS = YES;
				TEST_HOST = "$(BUILT_PRODUCTS_DIR)/CyberTexelDeviceProbe.app/CyberTexelDeviceProbe";
				BUNDLE_LOADER = "$(TEST_HOST)"; }; name = Release; };
/* End XCBuildConfiguration section */

/* Begin XCConfigurationList section */
		FB9E4E686C2872EF716F18BC = { isa = XCConfigurationList; buildConfigurations = (6F21D4EB03616C1FCC649373, 49604004A31CA6EF9FFD128B, ); defaultConfigurationIsVisible = 0; defaultConfigurationName = Release; };
		7FF9E9FFFC5257B58665EDE9 = { isa = XCConfigurationList; buildConfigurations = (7EFB69D7924C09BABC70613B, E21A375D26730792ADC51121, ); defaultConfigurationIsVisible = 0; defaultConfigurationName = Release; };
		017921776E38CA1C2A03BC88 = { isa = XCConfigurationList; buildConfigurations = (016E50F76D542EBFF6D1DBBD, 25601BCF51B09C19A4F7D6F9, ); defaultConfigurationIsVisible = 0; defaultConfigurationName = Release; };
/* End XCConfigurationList section */
	};
	rootObject = 98F54143AB4E86B28C3AFEE0;
}
